
Microsoft Visual Studio Solution File, Format Version 12.00
# Visual Studio Version 17
VisualStudioVersion = 17.10.34916.146
MinimumVisualStudioVersion = 10.0.40219.1
Project("{9A19103F-16F7-4668-BE54-9A1E7A4F7556}") = "ProjAndreVeiculos", "ProjAndreVeiculos\ProjAndreVeiculos.csproj", "{91426B89-4FBB-4215-86E6-0933AB836FAD}"
EndProject
Project("{9A19103F-16F7-4668-BE54-9A1E7A4F7556}") = "Models", "Models\Models.csproj", "{2B470BB5-4814-4365-81A8-9035F50D8662}"
EndProject
Project("{9A19103F-16F7-4668-BE54-9A1E7A4F7556}") = "Services", "Service\Services.csproj", "{D2EA08F0-4B38-432A-8DDB-3AF8F6F6806F}"
EndProject
Project("{9A19103F-16F7-4668-BE54-9A1E7A4F7556}") = "Repositories", "Repositories\Repositories.csproj", "{5FF51700-D6AA-4713-B836-25F6A2343BC6}"
EndProject
Project("{9A19103F-16F7-4668-BE54-9A1E7A4F7556}") = "Controllers", "Controllers\Controllers.csproj", "{13F3500D-F544-4600-920E-CB18D1D71B67}"
EndProject
Project("{FAE04EC0-301F-11D3-BF4B-00C04F79EFBC}") = "ProjCarApi", "ProjCarApi\ProjCarApi.csproj", "{DB4A6F35-72BE-47CC-8898-8D3B33DEB713}"
EndProject
Global
	GlobalSection(SolutionConfigurationPlatforms) = preSolution
		Debug|Any CPU = Debug|Any CPU
		Release|Any CPU = Release|Any CPU
	EndGlobalSection
	GlobalSection(ProjectConfigurationPlatforms) = postSolution
		{91426B89-4FBB-4215-86E6-0933AB836FAD}.Debug|Any CPU.ActiveCfg = Debug|Any CPU
		{91426B89-4FBB-4215-86E6-0933AB836FAD}.Debug|Any CPU.Build.0 = Debug|Any CPU
		{91426B89-4FBB-4215-86E6-0933AB836FAD}.Release|Any CPU.ActiveCfg = Release|Any CPU
		{91426B89-4FBB-4215-86E6-0933AB836FAD}.Release|Any CPU.Build.0 = Release|Any CPU
		{2B470BB5-4814-4365-81A8-9035F50D8662}.Debug|Any CPU.ActiveCfg = Debug|Any CPU
		{2B470BB5-4814-4365-81A8-9035F50D8662}.Debug|Any CPU.Build.0 = Debug|Any CPU
		{2B470BB5-4814-4365-81A8-9035F50D8662}.Release|Any CPU.ActiveCfg = Release|Any CPU
		{2B470BB5-4814-4365-81A8-9035F50D8662}.Release|Any CPU.Build.0 = Release|Any CPU
		{D2EA08F0-4B38-432A-8DDB-3AF8F6F6806F}.Debug|Any CPU.ActiveCfg = Debug|Any CPU
		{D2EA08F0-4B38-432A-8DDB-3AF8F6F6806F}.Debug|Any CPU.Build.0 = Debug|Any CPU
		{D2EA08F0-4B38-432A-8DDB-3AF8F6F6806F}.Release|Any CPU.ActiveCfg = Release|Any CPU
		{D2EA08F0-4B38-432A-8DDB-3AF8F6F6806F}.Release|Any CPU.Build.0 = Release|Any CPU
		{5FF51700-D6AA-4713-B836-25F6A2343BC6}.Debug|Any CPU.ActiveCfg = Debug|Any CPU
		{5FF51700-D6AA-4713-B836-25F6A2343BC6}.Debug|Any CPU.Build.0 = Debug|Any CPU
		{5FF51700-D6AA-4713-B836-25F6A2343BC6}.Release|Any CPU.ActiveCfg = Release|Any CPU
		{5FF51700-D6AA-4713-B836-25F6A2343BC6}.Release|Any CPU.Build.0 = Release|Any CPU
		{13F3500D-F544-4600-920E-CB18D1D71B67}.Debug|Any CPU.ActiveCfg = Debug|Any CPU
		{13F3500D-F544-4600-920E-CB18D1D71B67}.Debug|Any CPU.Build.0 = Debug|Any CPU
		{13F3500D-F544-4600-920E-CB18D1D71B67}.Release|Any CPU.ActiveCfg = Release|Any CPU
		{13F3500D-F544-4600-920E-CB18D1D71B67}.Release|Any CPU.Build.0 = Release|Any CPU
		{DB4A6F35-72BE-47CC-8898-8D3B33DEB713}.Debug|Any CPU.ActiveCfg = Debug|Any CPU
		{DB4A6F35-72BE-47CC-8898-8D3B33DEB713}.Debug|Any CPU.Build.0 = Debug|Any CPU
		{DB4A6F35-72BE-47CC-8898-8D3B33DEB713}.Release|Any CPU.ActiveCfg = Release|Any CPU
		{DB4A6F35-72BE-47CC-8898-8D3B33DEB713}.Release|Any CPU.Build.0 = Release|Any CPU
	EndGlobalSection
	GlobalSection(SolutionProperties) = preSolution
		HideSolutionNode = FALSE
	EndGlobalSection
	GlobalSection(ExtensibilityGlobals) = postSolution
		SolutionGuid = {E49D28CD-7DF2-41A8-8072-3C43FE68D8B4}
	EndGlobalSection
EndGlobal
